
Microsoft Visual Studio Solution File, Format Version 12.00
# Visual Studio 15
VisualStudioVersion = 15.0.27703.2035
MinimumVisualStudioVersion = 10.0.40219.1
Project("{CC5FD16D-436D-48AD-A40C-5A424C6E3E79}") = "CloudServiceLabs", "CloudServiceLabs\CloudServiceLabs.ccproj", "{4F8CC67F-1306-4C43-815F-1E53E85A7DFF}"
EndProject
Project("{FAE04EC0-301F-11D3-BF4B-00C04F79EFBC}") = "SuperConvertor", "SuperConvertor\SuperConvertor.csproj", "{748DACAC-7AA9-43C9-88B7-6B67830B3185}"
EndProject
Project("{FAE04EC0-301F-11D3-BF4B-00C04F79EFBC}") = "ProcessorEngine", "ProcessorEngine\ProcessorEngine.csproj", "{7914E2DE-D9DA-41B0-931E-AA2C464F2901}"
EndProject
Project("{FAE04EC0-301F-11D3-BF4B-00C04F79EFBC}") = "HealthMonitor", "HealthMonitor\HealthMonitor.csproj", "{BD0F4D2A-23D2-4B89-B851-7575A058A8C3}"
EndProject
Global
	GlobalSection(SolutionConfigurationPlatforms) = preSolution
		Debug|Any CPU = Debug|Any CPU
		Release|Any CPU = Release|Any CPU
	EndGlobalSection
	GlobalSection(ProjectConfigurationPlatforms) = postSolution
		{4F8CC67F-1306-4C43-815F-1E53E85A7DFF}.Debug|Any CPU.ActiveCfg = Debug|Any CPU
		{4F8CC67F-1306-4C43-815F-1E53E85A7DFF}.Debug|Any CPU.Build.0 = Debug|Any CPU
		{4F8CC67F-1306-4C43-815F-1E53E85A7DFF}.Release|Any CPU.ActiveCfg = Release|Any CPU
		{4F8CC67F-1306-4C43-815F-1E53E85A7DFF}.Release|Any CPU.Build.0 = Release|Any CPU
		{748DACAC-7AA9-43C9-88B7-6B67830B3185}.Debug|Any CPU.ActiveCfg = Debug|Any CPU
		{748DACAC-7AA9-43C9-88B7-6B67830B3185}.Debug|Any CPU.Build.0 = Debug|Any CPU
		{748DACAC-7AA9-43C9-88B7-6B67830B3185}.Release|Any CPU.ActiveCfg = Release|Any CPU
		{748DACAC-7AA9-43C9-88B7-6B67830B3185}.Release|Any CPU.Build.0 = Release|Any CPU
		{7914E2DE-D9DA-41B0-931E-AA2C464F2901}.Debug|Any CPU.ActiveCfg = Debug|Any CPU
		{7914E2DE-D9DA-41B0-931E-AA2C464F2901}.Debug|Any CPU.Build.0 = Debug|Any CPU
		{7914E2DE-D9DA-41B0-931E-AA2C464F2901}.Release|Any CPU.ActiveCfg = Release|Any CPU
		{7914E2DE-D9DA-41B0-931E-AA2C464F2901}.Release|Any CPU.Build.0 = Release|Any CPU
		{BD0F4D2A-23D2-4B89-B851-7575A058A8C3}.Debug|Any CPU.ActiveCfg = Debug|Any CPU
		{BD0F4D2A-23D2-4B89-B851-7575A058A8C3}.Debug|Any CPU.Build.0 = Debug|Any CPU
		{BD0F4D2A-23D2-4B89-B851-7575A058A8C3}.Release|Any CPU.ActiveCfg = Release|Any CPU
		{BD0F4D2A-23D2-4B89-B851-7575A058A8C3}.Release|Any CPU.Build.0 = Release|Any CPU
	EndGlobalSection
	GlobalSection(SolutionProperties) = preSolution
		HideSolutionNode = FALSE
	EndGlobalSection
	GlobalSection(ExtensibilityGlobals) = postSolution
		SolutionGuid = {04517E54-29AB-48DC-8F7A-65621F3B5267}
	EndGlobalSection
EndGlobal
